// !$*UTF8*$!
{
	archiveVersion = 1;
	classes = {
	};
	objectVersion = 50;
	objects = {

/* Begin PBXBuildFile section */
		B906931226AC6C680095FF48 /* AppDelegate.mm in Sources */ = {isa = PBXBuildFile; fileRef = B906931126AC6C680095FF48 /* AppDelegate.mm */; };
		B906931726AC6C6B0095FF48 /* Assets.xcassets in Resources */ = {isa = PBXBuildFile; fileRef = B906931626AC6C6B0095FF48 /* Assets.xcassets */; };
		B906931D26AC6C6B0095FF48 /* main.mm in Sources */ = {isa = PBXBuildFile; fileRef = B906931C26AC6C6B0095FF48 /* main.mm */; };
		B906932626AC6EC80095FF48 /* OGLMainWindow.mm in Sources */ = {isa = PBXBuildFile; fileRef = B906932526AC6EC80095FF48 /* OGLMainWindow.mm */; };
		B906932926AC6F1E0095FF48 /* OGLView.mm in Sources */ = {isa = PBXBuildFile; fileRef = B906932826AC6F1E0095FF48 /* OGLView.mm */; };
		B906932C26AC770A0095FF48 /* AppKit.framework in Frameworks */ = {isa = PBXBuildFile; fileRef = B906932B26AC770A0095FF48 /* AppKit.framework */; };
		B906932E26AC77140095FF48 /* OpenGL.framework in Frameworks */ = {isa = PBXBuildFile; fileRef = B906932D26AC77140095FF48 /* OpenGL.framework */; };
		B906933126AC7FAD0095FF48 /* Scene.cpp in Sources */ = {isa = PBXBuildFile; fileRef = B906932F26AC7FAD0095FF48 /* Scene.cpp */; };
		B906933326AFDF0A0095FF48 /* GLUT.framework in Frameworks */ = {isa = PBXBuildFile; fileRef = B906933226AFDF0A0095FF48 /* GLUT.framework */; };
		B9C2964926B30F7F00D45058 /* Data in Resources */ = {isa = PBXBuildFile; fileRef = B9C2964826B30F7F00D45058 /* Data */; };
		B9C2964C26B30FE300D45058 /* Utils.cpp in Sources */ = {isa = PBXBuildFile; fileRef = B9C2964A26B30FE300D45058 /* Utils.cpp */; };
		B9C2964F26B8544C00D45058 /* Model.cpp in Sources */ = {isa = PBXBuildFile; fileRef = B9C2964D26B8544C00D45058 /* Model.cpp */; };
/* End PBXBuildFile section */

/* Begin PBXFileReference section */
		B906930D26AC6C680095FF48 /* OGLWindowOSX.app */ = {isa = PBXFileReference; explicitFileType = wrapper.application; includeInIndex = 0; path = OGLWindowOSX.app; sourceTree = BUILT_PRODUCTS_DIR; };
		B906931026AC6C680095FF48 /* AppDelegate.h */ = {isa = PBXFileReference; lastKnownFileType = sourcecode.c.h; path = AppDelegate.h; sourceTree = "<group>"; };
		B906931126AC6C680095FF48 /* AppDelegate.mm */ = {isa = PBXFileReference; lastKnownFileType = sourcecode.cpp.objcpp; path = AppDelegate.mm; sourceTree = "<group>"; };
		B906931626AC6C6B0095FF48 /* Assets.xcassets */ = {isa = PBXFileReference; lastKnownFileType = folder.assetcatalog; path = Assets.xcassets; sourceTree = "<group>"; };
		B906931B26AC6C6B0095FF48 /* Info.plist */ = {isa = PBXFileReference; lastKnownFileType = text.plist.xml; path = Info.plist; sourceTree = "<group>"; };
		B906931C26AC6C6B0095FF48 /* main.mm */ = {isa = PBXFileReference; lastKnownFileType = sourcecode.cpp.objcpp; path = main.mm; sourceTree = "<group>"; };
		B906931E26AC6C6B0095FF48 /* OGLWindowOSX.entitlements */ = {isa = PBXFileReference; lastKnownFileType = text.plist.entitlements; path = OGLWindowOSX.entitlements; sourceTree = "<group>"; };
		B906932426AC6EC80095FF48 /* OGLMainWindow.h */ = {isa = PBXFileReference; lastKnownFileType = sourcecode.c.h; path = OGLMainWindow.h; sourceTree = "<group>"; };
		B906932526AC6EC80095FF48 /* OGLMainWindow.mm */ = {isa = PBXFileReference; lastKnownFileType = sourcecode.cpp.objcpp; path = OGLMainWindow.mm; sourceTree = "<group>"; };
		B906932726AC6F1E0095FF48 /* OGLView.h */ = {isa = PBXFileReference; lastKnownFileType = sourcecode.c.h; path = OGLView.h; sourceTree = "<group>"; };
		B906932826AC6F1E0095FF48 /* OGLView.mm */ = {isa = PBXFileReference; lastKnownFileType = sourcecode.cpp.objcpp; path = OGLView.mm; sourceTree = "<group>"; };
		B906932B26AC770A0095FF48 /* AppKit.framework */ = {isa = PBXFileReference; lastKnownFileType = wrapper.framework; name = AppKit.framework; path = System/Library/Frameworks/AppKit.framework; sourceTree = SDKROOT; };
		B906932D26AC77140095FF48 /* OpenGL.framework */ = {isa = PBXFileReference; lastKnownFileType = wrapper.framework; name = OpenGL.framework; path = System/Library/Frameworks/OpenGL.framework; sourceTree = SDKROOT; };
		B906932F26AC7FAD0095FF48 /* Scene.cpp */ = {isa = PBXFileReference; lastKnownFileType = sourcecode.cpp.cpp; path = Scene.cpp; sourceTree = "<group>"; };
		B906933026AC7FAD0095FF48 /* Scene.h */ = {isa = PBXFileReference; lastKnownFileType = sourcecode.c.h; path = Scene.h; sourceTree = "<group>"; };
		B906933226AFDF0A0095FF48 /* GLUT.framework */ = {isa = PBXFileReference; lastKnownFileType = wrapper.framework; name = GLUT.framework; path = System/Library/Frameworks/GLUT.framework; sourceTree = SDKROOT; };
		B9C2964826B30F7F00D45058 /* Data */ = {isa = PBXFileReference; lastKnownFileType = folder; name = Data; path = OGLWindowOSX/Data; sourceTree = "<group>"; };
		B9C2964A26B30FE300D45058 /* Utils.cpp */ = {isa = PBXFileReference; lastKnownFileType = sourcecode.cpp.cpp; path = Utils.cpp; sourceTree = "<group>"; };
		B9C2964B26B30FE300D45058 /* Utils.h */ = {isa = PBXFileReference; lastKnownFileType = sourcecode.c.h; path = Utils.h; sourceTree = "<group>"; };
		B9C2964D26B8544C00D45058 /* Model.cpp */ = {isa = PBXFileReference; lastKnownFileType = sourcecode.cpp.cpp; path = Model.cpp; sourceTree = "<group>"; };
		B9C2964E26B8544C00D45058 /* Model.h */ = {isa = PBXFileReference; lastKnownFileType = sourcecode.c.h; path = Model.h; sourceTree = "<group>"; };
/* End PBXFileReference section */

/* Begin PBXFrameworksBuildPhase section */
		B906930A26AC6C680095FF48 /* Frameworks */ = {
			isa = PBXFrameworksBuildPhase;
			buildActionMask = 2147483647;
			files = (
				B906933326AFDF0A0095FF48 /* GLUT.framework in Frameworks */,
				B906932E26AC77140095FF48 /* OpenGL.framework in Frameworks */,
				B906932C26AC770A0095FF48 /* AppKit.framework in Frameworks */,
			);
			runOnlyForDeploymentPostprocessing = 0;
		};
/* End PBXFrameworksBuildPhase section */

/* Begin PBXGroup section */
		B906930426AC6C680095FF48 = {
			isa = PBXGroup;
			children = (
				B9C2964826B30F7F00D45058 /* Data */,
				B906930F26AC6C680095FF48 /* OGLWindowOSX */,
				B906930E26AC6C680095FF48 /* Products */,
				B906932A26AC770A0095FF48 /* Frameworks */,
			);
			sourceTree = "<group>";
		};
		B906930E26AC6C680095FF48 /* Products */ = {
			isa = PBXGroup;
			children = (
				B906930D26AC6C680095FF48 /* OGLWindowOSX.app */,
			);
			name = Products;
			sourceTree = "<group>";
		};
		B906930F26AC6C680095FF48 /* OGLWindowOSX */ = {
			isa = PBXGroup;
			children = (
				B906931026AC6C680095FF48 /* AppDelegate.h */,
				B906931126AC6C680095FF48 /* AppDelegate.mm */,
				B906931626AC6C6B0095FF48 /* Assets.xcassets */,
				B906931B26AC6C6B0095FF48 /* Info.plist */,
				B906931C26AC6C6B0095FF48 /* main.mm */,
				B906931E26AC6C6B0095FF48 /* OGLWindowOSX.entitlements */,
				B906932426AC6EC80095FF48 /* OGLMainWindow.h */,
				B906932526AC6EC80095FF48 /* OGLMainWindow.mm */,
				B906932726AC6F1E0095FF48 /* OGLView.h */,
				B906932826AC6F1E0095FF48 /* OGLView.mm */,
				B906932F26AC7FAD0095FF48 /* Scene.cpp */,
				B906933026AC7FAD0095FF48 /* Scene.h */,
				B9C2964A26B30FE300D45058 /* Utils.cpp */,
				B9C2964B26B30FE300D45058 /* Utils.h */,
				B9C2964D26B8544C00D45058 /* Model.cpp */,
				B9C2964E26B8544C00D45058 /* Model.h */,
			);
			path = OGLWindowOSX;
			sourceTree = "<group>";
		};
		B906932A26AC770A0095FF48 /* Frameworks */ = {
			isa = PBXGroup;
			children = (
				B906933226AFDF0A0095FF48 /* GLUT.framework */,
				B906932D26AC77140095FF48 /* OpenGL.framework */,
				B906932B26AC770A0095FF48 /* AppKit.framework */,
			);
			name = Frameworks;
			sourceTree = "<group>";
		};
/* End PBXGroup section */

/* Begin PBXNativeTarget section */
		B906930C26AC6C680095FF48 /* OGLWindowOSX */ = {
			isa = PBXNativeTarget;
			buildConfigurationList = B906932126AC6C6B0095FF48 /* Build configuration list for PBXNativeTarget "OGLWindowOSX" */;
			buildPhases = (
				B906930926AC6C680095FF48 /* Sources */,
				B906930A26AC6C680095FF48 /* Frameworks */,
				B906930B26AC6C680095FF48 /* Resources */,
			);
			buildRules = (
			);
			dependencies = (
			);
			name = OGLWindowOSX;
			productName = OGLWindowOSX;
			productReference = B906930D26AC6C680095FF48 /* OGLWindowOSX.app */;
			productType = "com.apple.product-type.application";
		};
/* End PBXNativeTarget section */

/* Begin PBXProject section */
		B906930526AC6C680095FF48 /* Project object */ = {
			isa = PBXProject;
			attributes = {
				LastUpgradeCheck = 1250;
				TargetAttributes = {
					B906930C26AC6C680095FF48 = {
						CreatedOnToolsVersion = 12.5;
					};
				};
			};
			buildConfigurationList = B906930826AC6C680095FF48 /* Build configuration list for PBXProject "OGLWindowOSX" */;
			compatibilityVersion = "Xcode 9.3";
			developmentRegion = en;
			hasScannedForEncodings = 0;
			knownRegions = (
				en,
				Base,
			);
			mainGroup = B906930426AC6C680095FF48;
			productRefGroup = B906930E26AC6C680095FF48 /* Products */;
			projectDirPath = "";
			projectRoot = "";
			targets = (
				B906930C26AC6C680095FF48 /* OGLWindowOSX */,
			);
		};
/* End PBXProject section */

/* Begin PBXResourcesBuildPhase section */
		B906930B26AC6C680095FF48 /* Resources */ = {
			isa = PBXResourcesBuildPhase;
			buildActionMask = 2147483647;
			files = (
				B9C2964926B30F7F00D45058 /* Data in Resources */,
				B906931726AC6C6B0095FF48 /* Assets.xcassets in Resources */,
			);
			runOnlyForDeploymentPostprocessing = 0;
		};
/* End PBXResourcesBuildPhase section */

/* Begin PBXSourcesBuildPhase section */
		B906930926AC6C680095FF48 /* Sources */ = {
			isa = PBXSourcesBuildPhase;
			buildActionMask = 2147483647;
			files = (
				B906932626AC6EC80095FF48 /* OGLMainWindow.mm in Sources */,
				B9C2964C26B30FE300D45058 /* Utils.cpp in Sources */,
				B906932926AC6F1E0095FF48 /* OGLView.mm in Sources */,
				B906931D26AC6C6B0095FF48 /* main.mm in Sources */,
				B9C2964F26B8544C00D45058 /* Model.cpp in Sources */,
				B906933126AC7FAD0095FF48 /* Scene.cpp in Sources */,
				B906931226AC6C680095FF48 /* AppDelegate.mm in Sources */,
			);
			runOnlyForDeploymentPostprocessing = 0;
		};
/* End PBXSourcesBuildPhase section */

/* Begin XCBuildConfiguration section */
		B906931F26AC6C6B0095FF48 /* Debug */ = {
			isa = XCBuildConfiguration;
			buildSettings = {
				ALWAYS_SEARCH_USER_PATHS = NO;
				CLANG_ANALYZER_NONNULL = YES;
				CLANG_ANALYZER_NUMBER_OBJECT_CONVERSION = YES_AGGRESSIVE;
				CLANG_CXX_LANGUAGE_STANDARD = "gnu++14";
				CLANG_CXX_LIBRARY = "libc++";
				CLANG_ENABLE_MODULES = YES;
				CLANG_ENABLE_OBJC_ARC = YES;
				CLANG_ENABLE_OBJC_WEAK = YES;
				CLANG_WARN_BLOCK_CAPTURE_AUTORELEASING = YES;
				CLANG_WARN_BOOL_CONVERSION = YES;
				CLANG_WARN_COMMA = YES;
				CLANG_WARN_CONSTANT_CONVERSION = YES;
				CLANG_WARN_DEPRECATED_OBJC_IMPLEMENTATIONS = YES;
				CLANG_WARN_DIRECT_OBJC_ISA_USAGE = YES_ERROR;
				CLANG_WARN_DOCUMENTATION_COMMENTS = YES;
				CLANG_WARN_EMPTY_BODY = YES;
				CLANG_WARN_ENUM_CONVERSION = YES;
				CLANG_WARN_INFINITE_RECURSION = YES;
				CLANG_WARN_INT_CONVERSION = YES;
				CLANG_WARN_NON_LITERAL_NULL_CONVERSION = YES;
				CLANG_WARN_OBJC_IMPLICIT_RETAIN_SELF = YES;
				CLANG_WARN_OBJC_LITERAL_CONVERSION = YES;
				CLANG_WARN_OBJC_ROOT_CLASS = YES_ERROR;
				CLANG_WARN_QUOTED_INCLUDE_IN_FRAMEWORK_HEADER = YES;
				CLANG_WARN_RANGE_LOOP_ANALYSIS = YES;
				CLANG_WARN_STRICT_PROTOTYPES = YES;
				CLANG_WARN_SUSPICIOUS_MOVE = YES;
				CLANG_WARN_UNGUARDED_AVAILABILITY = YES_AGGRESSIVE;
				CLANG_WARN_UNREACHABLE_CODE = YES;
				CLANG_WARN__DUPLICATE_METHOD_MATCH = YES;
				COPY_PHASE_STRIP = NO;
				DEBUG_INFORMATION_FORMAT = dwarf;
				ENABLE_STRICT_OBJC_MSGSEND = YES;
				ENABLE_TESTABILITY = YES;
				GCC_C_LANGUAGE_STANDARD = gnu11;
				GCC_DYNAMIC_NO_PIC = NO;
				GCC_NO_COMMON_BLOCKS = YES;
				GCC_OPTIMIZATION_LEVEL = 0;
				GCC_PREPROCESSOR_DEFINITIONS = (
					"DEBUG=1",
					"$(inherited)",
				);
				GCC_WARN_64_TO_32_BIT_CONVERSION = YES;
				GCC_WARN_ABOUT_RETURN_TYPE = YES_ERROR;
				GCC_WARN_UNDECLARED_SELECTOR = YES;
				GCC_WARN_UNINITIALIZED_AUTOS = YES_AGGRESSIVE;
				GCC_WARN_UNUSED_FUNCTION = YES;
				GCC_WARN_UNUSED_VARIABLE = YES;
				MACOSX_DEPLOYMENT_TARGET = 11.3;
				MTL_ENABLE_DEBUG_INFO = INCLUDE_SOURCE;
				MTL_FAST_MATH = YES;
				ONLY_ACTIVE_ARCH = YES;
				SDKROOT = macosx;
			};
			name = Debug;
		};
		B906932026AC6C6B0095FF48 /* Release */ = {
			isa = XCBuildConfiguration;
			buildSettings = {
				ALWAYS_SEARCH_USER_PATHS = NO;
				CLANG_ANALYZER_NONNULL = YES;
				CLANG_ANALYZER_NUMBER_OBJECT_CONVERSION = YES_AGGRESSIVE;
				CLANG_CXX_LANGUAGE_STANDARD = "gnu++14";
				CLANG_CXX_LIBRARY = "libc++";
				CLANG_ENABLE_MODULES = YES;
				CLANG_ENABLE_OBJC_ARC = YES;
				CLANG_ENABLE_OBJC_WEAK = YES;
				CLANG_WARN_BLOCK_CAPTURE_AUTORELEASING = YES;
				CLANG_WARN_BOOL_CONVERSION = YES;
				CLANG_WARN_COMMA = YES;
				CLANG_WARN_CONSTANT_CONVERSION = YES;
				CLANG_WARN_DEPRECATED_OBJC_IMPLEMENTATIONS = YES;
				CLANG_WARN_DIRECT_OBJC_ISA_USAGE = YES_ERROR;
				CLANG_WARN_DOCUMENTATION_COMMENTS = YES;
				CLANG_WARN_EMPTY_BODY = YES;
				CLANG_WARN_ENUM_CONVERSION = YES;
				CLANG_WARN_INFINITE_RECURSION = YES;
				CLANG_WARN_INT_CONVERSION = YES;
				CLANG_WARN_NON_LITERAL_NULL_CONVERSION = YES;
				CLANG_WARN_OBJC_IMPLICIT_RETAIN_SELF = YES;
				CLANG_WARN_OBJC_LITERAL_CONVERSION = YES;
				CLANG_WARN_OBJC_ROOT_CLASS = YES_ERROR;
				CLANG_WARN_QUOTED_INCLUDE_IN_FRAMEWORK_HEADER = YES;
				CLANG_WARN_RANGE_LOOP_ANALYSIS = YES;
				CLANG_WARN_STRICT_PROTOTYPES = YES;
				CLANG_WARN_SUSPICIOUS_MOVE = YES;
				CLANG_WARN_UNGUARDED_AVAILABILITY = YES_AGGRESSIVE;
				CLANG_WARN_UNREACHABLE_CODE = YES;
				CLANG_WARN__DUPLICATE_METHOD_MATCH = YES;
				COPY_PHASE_STRIP = NO;
				DEBUG_INFORMATION_FORMAT = "dwarf-with-dsym";
				ENABLE_NS_ASSERTIONS = NO;
				ENABLE_STRICT_OBJC_MSGSEND = YES;
				GCC_C_LANGUAGE_STANDARD = gnu11;
				GCC_NO_COMMON_BLOCKS = YES;
				GCC_WARN_64_TO_32_BIT_CONVERSION = YES;
				GCC_WARN_ABOUT_RETURN_TYPE = YES_ERROR;
				GCC_WARN_UNDECLARED_SELECTOR = YES;
				GCC_WARN_UNINITIALIZED_AUTOS = YES_AGGRESSIVE;
				GCC_WARN_UNUSED_FUNCTION = YES;
				GCC_WARN_UNUSED_VARIABLE = YES;
				MACOSX_DEPLOYMENT_TARGET = 11.3;
				MTL_ENABLE_DEBUG_INFO = NO;
				MTL_FAST_MATH = YES;
				SDKROOT = macosx;
			};
			name = Release;
		};
		B906932226AC6C6B0095FF48 /* Debug */ = {
			isa = XCBuildConfiguration;
			buildSettings = {
				ASSETCATALOG_COMPILER_APPICON_NAME = AppIcon;
				ASSETCATALOG_COMPILER_GLOBAL_ACCENT_COLOR_NAME = AccentColor;
				CODE_SIGN_ENTITLEMENTS = OGLWindowOSX/OGLWindowOSX.entitlements;
				CODE_SIGN_STYLE = Automatic;
				COMBINE_HIDPI_IMAGES = YES;
				INFOPLIST_FILE = OGLWindowOSX/Info.plist;
				LD_RUNPATH_SEARCH_PATHS = (
					"$(inherited)",
					"@executable_path/../Frameworks",
				);
				PRODUCT_BUNDLE_IDENTIFIER = com.shijiusui.OGLWindowOSX;
				PRODUCT_NAME = "$(TARGET_NAME)";
			};
			name = Debug;
		};
		B906932326AC6C6B0095FF48 /* Release */ = {
			isa = XCBuildConfiguration;
			buildSettings = {
				ASSETCATALOG_COMPILER_APPICON_NAME = AppIcon;
				ASSETCATALOG_COMPILER_GLOBAL_ACCENT_COLOR_NAME = AccentColor;
				CODE_SIGN_ENTITLEMENTS = OGLWindowOSX/OGLWindowOSX.entitlements;
				CODE_SIGN_STYLE = Automatic;
				COMBINE_HIDPI_IMAGES = YES;
				INFOPLIST_FILE = OGLWindowOSX/Info.plist;
				LD_RUNPATH_SEARCH_PATHS = (
					"$(inherited)",
					"@executable_path/../Frameworks",
				);
				PRODUCT_BUNDLE_IDENTIFIER = com.shijiusui.OGLWindowOSX;
				PRODUCT_NAME = "$(TARGET_NAME)";
			};
			name = Release;
		};
/* End XCBuildConfiguration section */

/* Begin XCConfigurationList section */
		B906930826AC6C680095FF48 /* Build configuration list for PBXProject "OGLWindowOSX" */ = {
			isa = XCConfigurationList;
			buildConfigurations = (
				B906931F26AC6C6B0095FF48 /* Debug */,
				B906932026AC6C6B0095FF48 /* Release */,
			);
			defaultConfigurationIsVisible = 0;
			defaultConfigurationName = Release;
		};
		B906932126AC6C6B0095FF48 /* Build configuration list for PBXNativeTarget "OGLWindowOSX" */ = {
			isa = XCConfigurationList;
			buildConfigurations = (
				B906932226AC6C6B0095FF48 /* Debug */,
				B906932326AC6C6B0095FF48 /* Release */,
			);
			defaultConfigurationIsVisible = 0;
			defaultConfigurationName = Release;
		};
/* End XCConfigurationList section */
	};
	rootObject = B906930526AC6C680095FF48 /* Project object */;
}
